
Microsoft Visual Studio Solution File, Format Version 12.00
# Visual Studio Version 17
VisualStudioVersion = 17.14.36202.13 d17.14
MinimumVisualStudioVersion = 10.0.40219.1
Project("{FAE04EC0-301F-11D3-BF4B-00C04F79EFBC}") = "FractalExplorer", "FractalExplorer\FractalExplorer.csproj", "{5004D5EA-990B-45EF-BEBC-6319BEC8E8A5}"
EndProject
Global
	GlobalSection(SolutionConfigurationPlatforms) = preSolution
		Debug|Any CPU = Debug|Any CPU
		Release|Any CPU = Release|Any CPU
	EndGlobalSection
	GlobalSection(ProjectConfigurationPlatforms) = postSolution
		{5004D5EA-990B-45EF-BEBC-6319BEC8E8A5}.Debug|Any CPU.ActiveCfg = Debug|Any CPU
		{5004D5EA-990B-45EF-BEBC-6319BEC8E8A5}.Debug|Any CPU.Build.0 = Debug|Any CPU
		{5004D5EA-990B-45EF-BEBC-6319BEC8E8A5}.Release|Any CPU.ActiveCfg = Release|Any CPU
		{5004D5EA-990B-45EF-BEBC-6319BEC8E8A5}.Release|Any CPU.Build.0 = Release|Any CPU
	EndGlobalSection
	GlobalSection(SolutionProperties) = preSolution
		HideSolutionNode = FALSE
	EndGlobalSection
	GlobalSection(ExtensibilityGlobals) = postSolution
		SolutionGuid = {B58C37C8-ABFE-4214-9B4E-F7076B5C9077}
	EndGlobalSection
EndGlobal
